
Microsoft Visual Studio Solution File, Format Version 12.00
# Visual Studio Version 16
VisualStudioVersion = 16.0.30503.244
MinimumVisualStudioVersion = 10.0.40219.1
Project("{9A19103F-16F7-4668-BE54-9A1E7A4F7556}") = "FriendsApp2.Api", "FriendsApp2.Api.csproj", "{9ADD31FD-5129-4D85-89F3-366C7113159E}"
EndProject
Global
	GlobalSection(SolutionConfigurationPlatforms) = preSolution
		Debug|Any CPU = Debug|Any CPU
		Release|Any CPU = Release|Any CPU
	EndGlobalSection
	GlobalSection(ProjectConfigurationPlatforms) = postSolution
		{9ADD31FD-5129-4D85-89F3-366C7113159E}.Debug|Any CPU.ActiveCfg = Debug|Any CPU
		{9ADD31FD-5129-4D85-89F3-366C7113159E}.Debug|Any CPU.Build.0 = Debug|Any CPU
		{9ADD31FD-5129-4D85-89F3-366C7113159E}.Release|Any CPU.ActiveCfg = Release|Any CPU
		{9ADD31FD-5129-4D85-89F3-366C7113159E}.Release|Any CPU.Build.0 = Release|Any CPU
	EndGlobalSection
	GlobalSection(SolutionProperties) = preSolution
		HideSolutionNode = FALSE
	EndGlobalSection
	GlobalSection(ExtensibilityGlobals) = postSolution
		SolutionGuid = {83DDB2AA-56D8-4F11-AF2F-AEF8B50A09FB}
	EndGlobalSection
EndGlobal
